// !$*UTF8*$!
{
	archiveVersion = 1;
	classes = {
	};
	objectVersion = 77;
	objects = {

/* Begin PBXBuildFile section */
		D959704D2E7DA56100AA88D5 /* Auth in Frameworks */ = {isa = PBXBuildFile; productRef = D959704C2E7DA56100AA88D5 /* Auth */; };
		D959704F2E7DA56100AA88D5 /* Functions in Frameworks */ = {isa = PBXBuildFile; productRef = D959704E2E7DA56100AA88D5 /* Functions */; };
		D95970512E7DA56100AA88D5 /* PostgREST in Frameworks */ = {isa = PBXBuildFile; productRef = D95970502E7DA56100AA88D5 /* PostgREST */; };
		D95970532E7DA56100AA88D5 /* Realtime in Frameworks */ = {isa = PBXBuildFile; productRef = D95970522E7DA56100AA88D5 /* Realtime */; };
		D95970552E7DA56100AA88D5 /* Storage in Frameworks */ = {isa = PBXBuildFile; productRef = D95970542E7DA56100AA88D5 /* Storage */; };
		D95970572E7DA56100AA88D5 /* Supabase in Frameworks */ = {isa = PBXBuildFile; productRef = D95970562E7DA56100AA88D5 /* Supabase */; };
		D95970762E7DB79A00AA88D5 /* Lottie in Frameworks */ = {isa = PBXBuildFile; productRef = D95970752E7DB79A00AA88D5 /* Lottie */; };
/* End PBXBuildFile section */

/* Begin PBXFileReference section */
		D91DE59A2E7736FE0096DA2E /* InventarioGpromec.app */ = {isa = PBXFileReference; explicitFileType = wrapper.application; includeInIndex = 0; path = InventarioGpromec.app; sourceTree = BUILT_PRODUCTS_DIR; };
/* End PBXFileReference section */

/* Begin PBXFileSystemSynchronizedRootGroup section */
		D91DE59C2E7736FE0096DA2E /* InventarioGpromec */ = {
			isa = PBXFileSystemSynchronizedRootGroup;
			path = InventarioGpromec;
			sourceTree = "<group>";
		};
/* End PBXFileSystemSynchronizedRootGroup section */

/* Begin PBXFrameworksBuildPhase section */
		D91DE5972E7736FE0096DA2E /* Frameworks */ = {
			isa = PBXFrameworksBuildPhase;
			buildActionMask = 2147483647;
			files = (
				D95970512E7DA56100AA88D5 /* PostgREST in Frameworks */,
				D95970762E7DB79A00AA88D5 /* Lottie in Frameworks */,
				D959704F2E7DA56100AA88D5 /* Functions in Frameworks */,
				D95970572E7DA56100AA88D5 /* Supabase in Frameworks */,
				D959704D2E7DA56100AA88D5 /* Auth in Frameworks */,
				D95970552E7DA56100AA88D5 /* Storage in Frameworks */,
				D95970532E7DA56100AA88D5 /* Realtime in Frameworks */,
			);
			runOnlyForDeploymentPostprocessing = 0;
		};
/* End PBXFrameworksBuildPhase section */

/* Begin PBXGroup section */
		D91DE5912E7736FE0096DA2E = {
			isa = PBXGroup;
			children = (
				D91DE59C2E7736FE0096DA2E /* InventarioGpromec */,
				D91DE59B2E7736FE0096DA2E /* Products */,
			);
			sourceTree = "<group>";
		};
		D91DE59B2E7736FE0096DA2E /* Products */ = {
			isa = PBXGroup;
			children = (
				D91DE59A2E7736FE0096DA2E /* InventarioGpromec.app */,
			);
			name = Products;
			sourceTree = "<group>";
		};
/* End PBXGroup section */

/* Begin PBXNativeTarget section */
		D91DE5992E7736FE0096DA2E /* InventarioGpromec */ = {
			isa = PBXNativeTarget;
			buildConfigurationList = D91DE5A52E7736FF0096DA2E /* Build configuration list for PBXNativeTarget "InventarioGpromec" */;
			buildPhases = (
				D91DE5962E7736FE0096DA2E /* Sources */,
				D91DE5972E7736FE0096DA2E /* Frameworks */,
				D91DE5982E7736FE0096DA2E /* Resources */,
			);
			buildRules = (
			);
			dependencies = (
			);
			fileSystemSynchronizedGroups = (
				D91DE59C2E7736FE0096DA2E /* InventarioGpromec */,
			);
			name = InventarioGpromec;
			packageProductDependencies = (
				D959704C2E7DA56100AA88D5 /* Auth */,
				D959704E2E7DA56100AA88D5 /* Functions */,
				D95970502E7DA56100AA88D5 /* PostgREST */,
				D95970522E7DA56100AA88D5 /* Realtime */,
				D95970542E7DA56100AA88D5 /* Storage */,
				D95970562E7DA56100AA88D5 /* Supabase */,
				D95970752E7DB79A00AA88D5 /* Lottie */,
			);
			productName = InventarioGpromec;
			productReference = D91DE59A2E7736FE0096DA2E /* InventarioGpromec.app */;
			productType = "com.apple.product-type.application";
		};
/* End PBXNativeTarget section */

/* Begin PBXProject section */
		D91DE5922E7736FE0096DA2E /* Project object */ = {
			isa = PBXProject;
			attributes = {
				BuildIndependentTargetsInParallel = 1;
				LastSwiftUpdateCheck = 1640;
				LastUpgradeCheck = 1640;
				TargetAttributes = {
					D91DE5992E7736FE0096DA2E = {
						CreatedOnToolsVersion = 16.4;
					};
				};
			};
			buildConfigurationList = D91DE5952E7736FE0096DA2E /* Build configuration list for PBXProject "InventarioGpromec" */;
			developmentRegion = en;
			hasScannedForEncodings = 0;
			knownRegions = (
				en,
				Base,
			);
			mainGroup = D91DE5912E7736FE0096DA2E;
			minimizedProjectReferenceProxies = 1;
			packageReferences = (
				D959704B2E7DA56100AA88D5 /* XCRemoteSwiftPackageReference "supabase-swift" */,
				D95970742E7DB79A00AA88D5 /* XCRemoteSwiftPackageReference "lottie-ios" */,
			);
			preferredProjectObjectVersion = 77;
			productRefGroup = D91DE59B2E7736FE0096DA2E /* Products */;
			projectDirPath = "";
			projectRoot = "";
			targets = (
				D91DE5992E7736FE0096DA2E /* InventarioGpromec */,
			);
		};
/* End PBXProject section */

/* Begin PBXResourcesBuildPhase section */
		D91DE5982E7736FE0096DA2E /* Resources */ = {
			isa = PBXResourcesBuildPhase;
			buildActionMask = 2147483647;
			files = (
			);
			runOnlyForDeploymentPostprocessing = 0;
		};
/* End PBXResourcesBuildPhase section */

/* Begin PBXSourcesBuildPhase section */
		D91DE5962E7736FE0096DA2E /* Sources */ = {
			isa = PBXSourcesBuildPhase;
			buildActionMask = 2147483647;
			files = (
			);
			runOnlyForDeploymentPostprocessing = 0;
		};
/* End PBXSourcesBuildPhase section */

/* Begin XCBuildConfiguration section */
		D91DE5A32E7736FF0096DA2E /* Debug */ = {
			isa = XCBuildConfiguration;
			buildSettings = {
				ALWAYS_SEARCH_USER_PATHS = NO;
				ASSETCATALOG_COMPILER_GENERATE_SWIFT_ASSET_SYMBOL_EXTENSIONS = YES;
				CLANG_ANALYZER_NONNULL = YES;
				CLANG_ANALYZER_NUMBER_OBJECT_CONVERSION = YES_AGGRESSIVE;
				CLANG_CXX_LANGUAGE_STANDARD = "gnu++20";
				CLANG_ENABLE_MODULES = YES;
				CLANG_ENABLE_OBJC_ARC = YES;
				CLANG_ENABLE_OBJC_WEAK = YES;
				CLANG_WARN_BLOCK_CAPTURE_AUTORELEASING = YES;
				CLANG_WARN_BOOL_CONVERSION = YES;
				CLANG_WARN_COMMA = YES;
				CLANG_WARN_CONSTANT_CONVERSION = YES;
				CLANG_WARN_DEPRECATED_OBJC_IMPLEMENTATIONS = YES;
				CLANG_WARN_DIRECT_OBJC_ISA_USAGE = YES_ERROR;
				CLANG_WARN_DOCUMENTATION_COMMENTS = YES;
				CLANG_WARN_EMPTY_BODY = YES;
				CLANG_WARN_ENUM_CONVERSION = YES;
				CLANG_WARN_INFINITE_RECURSION = YES;
				CLANG_WARN_INT_CONVERSION = YES;
				CLANG_WARN_NON_LITERAL_NULL_CONVERSION = YES;
				CLANG_WARN_OBJC_IMPLICIT_RETAIN_SELF = YES;
				CLANG_WARN_OBJC_LITERAL_CONVERSION = YES;
				CLANG_WARN_OBJC_ROOT_CLASS = YES_ERROR;
				CLANG_WARN_QUOTED_INCLUDE_IN_FRAMEWORK_HEADER = YES;
				CLANG_WARN_RANGE_LOOP_ANALYSIS = YES;
				CLANG_WARN_STRICT_PROTOTYPES = YES;
				CLANG_WARN_SUSPICIOUS_MOVE = YES;
				CLANG_WARN_UNGUARDED_AVAILABILITY = YES_AGGRESSIVE;
				CLANG_WARN_UNREACHABLE_CODE = YES;
				CLANG_WARN__DUPLICATE_METHOD_MATCH = YES;
				COPY_PHASE_STRIP = NO;
				DEBUG_INFORMATION_FORMAT = dwarf;
				DEVELOPMENT_TEAM = 2Z3X29FPT3;
				ENABLE_STRICT_OBJC_MSGSEND = YES;
				ENABLE_TESTABILITY = YES;
				ENABLE_USER_SCRIPT_SANDBOXING = YES;
				GCC_C_LANGUAGE_STANDARD = gnu17;
				GCC_DYNAMIC_NO_PIC = NO;
				GCC_NO_COMMON_BLOCKS = YES;
				GCC_OPTIMIZATION_LEVEL = 0;
				GCC_PREPROCESSOR_DEFINITIONS = (
					"DEBUG=1",
					"$(inherited)",
				);
				GCC_WARN_64_TO_32_BIT_CONVERSION = YES;
				GCC_WARN_ABOUT_RETURN_TYPE = YES_ERROR;
				GCC_WARN_UNDECLARED_SELECTOR = YES;
				GCC_WARN_UNINITIALIZED_AUTOS = YES_AGGRESSIVE;
				GCC_WARN_UNUSED_FUNCTION = YES;
				GCC_WARN_UNUSED_VARIABLE = YES;
				IPHONEOS_DEPLOYMENT_TARGET = 18.5;
				LOCALIZATION_PREFERS_STRING_CATALOGS = YES;
				MTL_ENABLE_DEBUG_INFO = INCLUDE_SOURCE;
				MTL_FAST_MATH = YES;
				ONLY_ACTIVE_ARCH = YES;
				SDKROOT = iphoneos;
				SWIFT_ACTIVE_COMPILATION_CONDITIONS = "DEBUG $(inherited)";
				SWIFT_OPTIMIZATION_LEVEL = "-Onone";
			};
			name = Debug;
		};
		D91DE5A42E7736FF0096DA2E /* Release */ = {
			isa = XCBuildConfiguration;
			buildSettings = {
				ALWAYS_SEARCH_USER_PATHS = NO;
				ASSETCATALOG_COMPILER_GENERATE_SWIFT_ASSET_SYMBOL_EXTENSIONS = YES;
				CLANG_ANALYZER_NONNULL = YES;
				CLANG_ANALYZER_NUMBER_OBJECT_CONVERSION = YES_AGGRESSIVE;
				CLANG_CXX_LANGUAGE_STANDARD = "gnu++20";
				CLANG_ENABLE_MODULES = YES;
				CLANG_ENABLE_OBJC_ARC = YES;
				CLANG_ENABLE_OBJC_WEAK = YES;
				CLANG_WARN_BLOCK_CAPTURE_AUTORELEASING = YES;
				CLANG_WARN_BOOL_CONVERSION = YES;
				CLANG_WARN_COMMA = YES;
				CLANG_WARN_CONSTANT_CONVERSION = YES;
				CLANG_WARN_DEPRECATED_OBJC_IMPLEMENTATIONS = YES;
				CLANG_WARN_DIRECT_OBJC_ISA_USAGE = YES_ERROR;
				CLANG_WARN_DOCUMENTATION_COMMENTS = YES;
				CLANG_WARN_EMPTY_BODY = YES;
				CLANG_WARN_ENUM_CONVERSION = YES;
				CLANG_WARN_INFINITE_RECURSION = YES;
				CLANG_WARN_INT_CONVERSION = YES;
				CLANG_WARN_NON_LITERAL_NULL_CONVERSION = YES;
				CLANG_WARN_OBJC_IMPLICIT_RETAIN_SELF = YES;
				CLANG_WARN_OBJC_LITERAL_CONVERSION = YES;
				CLANG_WARN_OBJC_ROOT_CLASS = YES_ERROR;
				CLANG_WARN_QUOTED_INCLUDE_IN_FRAMEWORK_HEADER = YES;
				CLANG_WARN_RANGE_LOOP_ANALYSIS = YES;
				CLANG_WARN_STRICT_PROTOTYPES = YES;
				CLANG_WARN_SUSPICIOUS_MOVE = YES;
				CLANG_WARN_UNGUARDED_AVAILABILITY = YES_AGGRESSIVE;
				CLANG_WARN_UNREACHABLE_CODE = YES;
				CLANG_WARN__DUPLICATE_METHOD_MATCH = YES;
				COPY_PHASE_STRIP = NO;
				DEBUG_INFORMATION_FORMAT = "dwarf-with-dsym";
				DEVELOPMENT_TEAM = 2Z3X29FPT3;
				ENABLE_NS_ASSERTIONS = NO;
				ENABLE_STRICT_OBJC_MSGSEND = YES;
				ENABLE_USER_SCRIPT_SANDBOXING = YES;
				GCC_C_LANGUAGE_STANDARD = gnu17;
				GCC_NO_COMMON_BLOCKS = YES;
				GCC_WARN_64_TO_32_BIT_CONVERSION = YES;
				GCC_WARN_ABOUT_RETURN_TYPE = YES_ERROR;
				GCC_WARN_UNDECLARED_SELECTOR = YES;
				GCC_WARN_UNINITIALIZED_AUTOS = YES_AGGRESSIVE;
				GCC_WARN_UNUSED_FUNCTION = YES;
				GCC_WARN_UNUSED_VARIABLE = YES;
				IPHONEOS_DEPLOYMENT_TARGET = 18.5;
				LOCALIZATION_PREFERS_STRING_CATALOGS = YES;
				MTL_ENABLE_DEBUG_INFO = NO;
				MTL_FAST_MATH = YES;
				SDKROOT = iphoneos;
				SWIFT_COMPILATION_MODE = wholemodule;
				VALIDATE_PRODUCT = YES;
			};
			name = Release;
		};
		D91DE5A62E7736FF0096DA2E /* Debug */ = {
			isa = XCBuildConfiguration;
			buildSettings = {
				ASSETCATALOG_COMPILER_APPICON_NAME = AppIcon;
				ASSETCATALOG_COMPILER_GLOBAL_ACCENT_COLOR_NAME = AccentColor;
				CODE_SIGN_STYLE = Automatic;
				CURRENT_PROJECT_VERSION = 1;
				DEVELOPMENT_TEAM = 2Z3X29FPT3;
				ENABLE_PREVIEWS = YES;
				GENERATE_INFOPLIST_FILE = YES;
				INFOPLIST_KEY_UIApplicationSceneManifest_Generation = YES;
				INFOPLIST_KEY_UIApplicationSupportsIndirectInputEvents = YES;
				INFOPLIST_KEY_UILaunchScreen_Generation = YES;
				INFOPLIST_KEY_UISupportedInterfaceOrientations_iPad = "UIInterfaceOrientationPortrait UIInterfaceOrientationPortraitUpsideDown UIInterfaceOrientationLandscapeLeft UIInterfaceOrientationLandscapeRight";
				INFOPLIST_KEY_UISupportedInterfaceOrientations_iPhone = "UIInterfaceOrientationPortrait UIInterfaceOrientationLandscapeLeft UIInterfaceOrientationLandscapeRight";
				LD_RUNPATH_SEARCH_PATHS = (
					"$(inherited)",
					"@executable_path/Frameworks",
				);
				MARKETING_VERSION = 1.0;
				PRODUCT_BUNDLE_IDENTIFIER = com.alexisvillarruel.InventarioGpromec;
				PRODUCT_NAME = "$(TARGET_NAME)";
				SWIFT_EMIT_LOC_STRINGS = YES;
				SWIFT_VERSION = 5.0;
				TARGETED_DEVICE_FAMILY = "1,2";
			};
			name = Debug;
		};
		D91DE5A72E7736FF0096DA2E /* Release */ = {
			isa = XCBuildConfiguration;
			buildSettings = {
				ASSETCATALOG_COMPILER_APPICON_NAME = AppIcon;
				ASSETCATALOG_COMPILER_GLOBAL_ACCENT_COLOR_NAME = AccentColor;
				CODE_SIGN_STYLE = Automatic;
				CURRENT_PROJECT_VERSION = 1;
				DEVELOPMENT_TEAM = 2Z3X29FPT3;
				ENABLE_PREVIEWS = YES;
				GENERATE_INFOPLIST_FILE = YES;
				INFOPLIST_KEY_UIApplicationSceneManifest_Generation = YES;
				INFOPLIST_KEY_UIApplicationSupportsIndirectInputEvents = YES;
				INFOPLIST_KEY_UILaunchScreen_Generation = YES;
				INFOPLIST_KEY_UISupportedInterfaceOrientations_iPad = "UIInterfaceOrientationPortrait UIInterfaceOrientationPortraitUpsideDown UIInterfaceOrientationLandscapeLeft UIInterfaceOrientationLandscapeRight";
				INFOPLIST_KEY_UISupportedInterfaceOrientations_iPhone = "UIInterfaceOrientationPortrait UIInterfaceOrientationLandscapeLeft UIInterfaceOrientationLandscapeRight";
				LD_RUNPATH_SEARCH_PATHS = (
					"$(inherited)",
					"@executable_path/Frameworks",
				);
				MARKETING_VERSION = 1.0;
				PRODUCT_BUNDLE_IDENTIFIER = com.alexisvillarruel.InventarioGpromec;
				PRODUCT_NAME = "$(TARGET_NAME)";
				SWIFT_EMIT_LOC_STRINGS = YES;
				SWIFT_VERSION = 5.0;
				TARGETED_DEVICE_FAMILY = "1,2";
			};
			name = Release;
		};
/* End XCBuildConfiguration section */

/* Begin XCConfigurationList section */
		D91DE5952E7736FE0096DA2E /* Build configuration list for PBXProject "InventarioGpromec" */ = {
			isa = XCConfigurationList;
			buildConfigurations = (
				D91DE5A32E7736FF0096DA2E /* Debug */,
				D91DE5A42E7736FF0096DA2E /* Release */,
			);
			defaultConfigurationIsVisible = 0;
			defaultConfigurationName = Release;
		};
		D91DE5A52E7736FF0096DA2E /* Build configuration list for PBXNativeTarget "InventarioGpromec" */ = {
			isa = XCConfigurationList;
			buildConfigurations = (
				D91DE5A62E7736FF0096DA2E /* Debug */,
				D91DE5A72E7736FF0096DA2E /* Release */,
			);
			defaultConfigurationIsVisible = 0;
			defaultConfigurationName = Release;
		};
/* End XCConfigurationList section */

/* Begin XCRemoteSwiftPackageReference section */
		D959704B2E7DA56100AA88D5 /* XCRemoteSwiftPackageReference "supabase-swift" */ = {
			isa = XCRemoteSwiftPackageReference;
			repositoryURL = "https://github.com/supabase/supabase-swift";
			requirement = {
				kind = upToNextMajorVersion;
				minimumVersion = 2.5.1;
			};
		};
		D95970742E7DB79A00AA88D5 /* XCRemoteSwiftPackageReference "lottie-ios" */ = {
			isa = XCRemoteSwiftPackageReference;
			repositoryURL = "https://github.com/airbnb/lottie-ios.git";
			requirement = {
				kind = upToNextMajorVersion;
				minimumVersion = 4.5.2;
			};
		};
/* End XCRemoteSwiftPackageReference section */

/* Begin XCSwiftPackageProductDependency section */
		D959704C2E7DA56100AA88D5 /* Auth */ = {
			isa = XCSwiftPackageProductDependency;
			package = D959704B2E7DA56100AA88D5 /* XCRemoteSwiftPackageReference "supabase-swift" */;
			productName = Auth;
		};
		D959704E2E7DA56100AA88D5 /* Functions */ = {
			isa = XCSwiftPackageProductDependency;
			package = D959704B2E7DA56100AA88D5 /* XCRemoteSwiftPackageReference "supabase-swift" */;
			productName = Functions;
		};
		D95970502E7DA56100AA88D5 /* PostgREST */ = {
			isa = XCSwiftPackageProductDependency;
			package = D959704B2E7DA56100AA88D5 /* XCRemoteSwiftPackageReference "supabase-swift" */;
			productName = PostgREST;
		};
		D95970522E7DA56100AA88D5 /* Realtime */ = {
			isa = XCSwiftPackageProductDependency;
			package = D959704B2E7DA56100AA88D5 /* XCRemoteSwiftPackageReference "supabase-swift" */;
			productName = Realtime;
		};
		D95970542E7DA56100AA88D5 /* Storage */ = {
			isa = XCSwiftPackageProductDependency;
			package = D959704B2E7DA56100AA88D5 /* XCRemoteSwiftPackageReference "supabase-swift" */;
			productName = Storage;
		};
		D95970562E7DA56100AA88D5 /* Supabase */ = {
			isa = XCSwiftPackageProductDependency;
			package = D959704B2E7DA56100AA88D5 /* XCRemoteSwiftPackageReference "supabase-swift" */;
			productName = Supabase;
		};
		D95970752E7DB79A00AA88D5 /* Lottie */ = {
			isa = XCSwiftPackageProductDependency;
			package = D95970742E7DB79A00AA88D5 /* XCRemoteSwiftPackageReference "lottie-ios" */;
			productName = Lottie;
		};
/* End XCSwiftPackageProductDependency section */
	};
	rootObject = D91DE5922E7736FE0096DA2E /* Project object */;
}
